// !$*UTF8*$!
{
	archiveVersion = 1;
	classes = {
	};
	objectVersion = 51;
	objects = {

/* Begin PBXBuildFile section */
		AD7C4F07AA76D39030F01F59 /* Pods_PetFriend_iOS.framework in Frameworks */ = {isa = PBXBuildFile; fileRef = 16A1B24DA07A0C7CFDF7A39E /* Pods_PetFriend_iOS.framework */; };
		B9632D8625FE4F9000182C7B /* AppDelegate.swift in Sources */ = {isa = PBXBuildFile; fileRef = B9632D8525FE4F9000182C7B /* AppDelegate.swift */; };
		B9632D8825FE4F9000182C7B /* SceneDelegate.swift in Sources */ = {isa = PBXBuildFile; fileRef = B9632D8725FE4F9000182C7B /* SceneDelegate.swift */; };
		B9632D8A25FE4F9000182C7B /* ViewController.swift in Sources */ = {isa = PBXBuildFile; fileRef = B9632D8925FE4F9000182C7B /* ViewController.swift */; };
		B9632D8D25FE4F9000182C7B /* Main.storyboard in Resources */ = {isa = PBXBuildFile; fileRef = B9632D8B25FE4F9000182C7B /* Main.storyboard */; };
		B9632D8F25FE4F9200182C7B /* Assets.xcassets in Resources */ = {isa = PBXBuildFile; fileRef = B9632D8E25FE4F9200182C7B /* Assets.xcassets */; };
		B9632D9225FE4F9200182C7B /* LaunchScreen.storyboard in Resources */ = {isa = PBXBuildFile; fileRef = B9632D9025FE4F9200182C7B /* LaunchScreen.storyboard */; };
/* End PBXBuildFile section */

/* Begin PBXFileReference section */
		16A1B24DA07A0C7CFDF7A39E /* Pods_PetFriend_iOS.framework */ = {isa = PBXFileReference; explicitFileType = wrapper.framework; includeInIndex = 0; path = Pods_PetFriend_iOS.framework; sourceTree = BUILT_PRODUCTS_DIR; };
		B9632D8225FE4F9000182C7B /* PetFriend-iOS.app */ = {isa = PBXFileReference; explicitFileType = wrapper.application; includeInIndex = 0; path = "PetFriend-iOS.app"; sourceTree = BUILT_PRODUCTS_DIR; };
		B9632D8525FE4F9000182C7B /* AppDelegate.swift */ = {isa = PBXFileReference; lastKnownFileType = sourcecode.swift; path = AppDelegate.swift; sourceTree = "<group>"; };
		B9632D8725FE4F9000182C7B /* SceneDelegate.swift */ = {isa = PBXFileReference; lastKnownFileType = sourcecode.swift; path = SceneDelegate.swift; sourceTree = "<group>"; };
		B9632D8925FE4F9000182C7B /* ViewController.swift */ = {isa = PBXFileReference; lastKnownFileType = sourcecode.swift; path = ViewController.swift; sourceTree = "<group>"; };
		B9632D8C25FE4F9000182C7B /* Base */ = {isa = PBXFileReference; lastKnownFileType = file.storyboard; name = Base; path = Base.lproj/Main.storyboard; sourceTree = "<group>"; };
		B9632D8E25FE4F9200182C7B /* Assets.xcassets */ = {isa = PBXFileReference; lastKnownFileType = folder.assetcatalog; path = Assets.xcassets; sourceTree = "<group>"; };
		B9632D9125FE4F9200182C7B /* Base */ = {isa = PBXFileReference; lastKnownFileType = file.storyboard; name = Base; path = Base.lproj/LaunchScreen.storyboard; sourceTree = "<group>"; };
		B9632D9325FE4F9200182C7B /* Info.plist */ = {isa = PBXFileReference; lastKnownFileType = text.plist.xml; path = Info.plist; sourceTree = "<group>"; };
		CB3805FF75A59B4E2B13FC94 /* Pods-PetFriend-iOS.debug.xcconfig */ = {isa = PBXFileReference; includeInIndex = 1; lastKnownFileType = text.xcconfig; name = "Pods-PetFriend-iOS.debug.xcconfig"; path = "Target Support Files/Pods-PetFriend-iOS/Pods-PetFriend-iOS.debug.xcconfig"; sourceTree = "<group>"; };
		D6CBA4F53E0767AFD7BAC048 /* Pods-PetFriend-iOS.release.xcconfig */ = {isa = PBXFileReference; includeInIndex = 1; lastKnownFileType = text.xcconfig; name = "Pods-PetFriend-iOS.release.xcconfig"; path = "Target Support Files/Pods-PetFriend-iOS/Pods-PetFriend-iOS.release.xcconfig"; sourceTree = "<group>"; };
/* End PBXFileReference section */

/* Begin PBXFrameworksBuildPhase section */
		B9632D7F25FE4F9000182C7B /* Frameworks */ = {
			isa = PBXFrameworksBuildPhase;
			buildActionMask = 2147483647;
			files = (
				AD7C4F07AA76D39030F01F59 /* Pods_PetFriend_iOS.framework in Frameworks */,
			);
			runOnlyForDeploymentPostprocessing = 0;
		};
/* End PBXFrameworksBuildPhase section */

/* Begin PBXGroup section */
		470D18BFBF107A1F2E2953CC /* Pods */ = {
			isa = PBXGroup;
			children = (
				CB3805FF75A59B4E2B13FC94 /* Pods-PetFriend-iOS.debug.xcconfig */,
				D6CBA4F53E0767AFD7BAC048 /* Pods-PetFriend-iOS.release.xcconfig */,
			);
			path = Pods;
			sourceTree = "<group>";
		};
		83A761149386CF14E04E09D1 /* Frameworks */ = {
			isa = PBXGroup;
			children = (
				16A1B24DA07A0C7CFDF7A39E /* Pods_PetFriend_iOS.framework */,
			);
			name = Frameworks;
			sourceTree = "<group>";
		};
		B9632D7925FE4F9000182C7B = {
			isa = PBXGroup;
			children = (
				B9632D8425FE4F9000182C7B /* PetFriend-iOS */,
				B9632D8325FE4F9000182C7B /* Products */,
				470D18BFBF107A1F2E2953CC /* Pods */,
				83A761149386CF14E04E09D1 /* Frameworks */,
			);
			sourceTree = "<group>";
		};
		B9632D8325FE4F9000182C7B /* Products */ = {
			isa = PBXGroup;
			children = (
				B9632D8225FE4F9000182C7B /* PetFriend-iOS.app */,
			);
			name = Products;
			sourceTree = "<group>";
		};
		B9632D8425FE4F9000182C7B /* PetFriend-iOS */ = {
			isa = PBXGroup;
			children = (
				B9632DE02605F73400182C7B /* Resources */,
				B9632DC625FF00C200182C7B /* Model */,
				B9632DC325FF009F00182C7B /* Controller */,
				B9632DC525FF00B300182C7B /* View */,
				B9632D9325FE4F9200182C7B /* Info.plist */,
			);
			path = "PetFriend-iOS";
			sourceTree = "<group>";
		};
		B9632DC325FF009F00182C7B /* Controller */ = {
			isa = PBXGroup;
			children = (
				B9632D8925FE4F9000182C7B /* ViewController.swift */,
			);
			path = Controller;
			sourceTree = "<group>";
		};
		B9632DC525FF00B300182C7B /* View */ = {
			isa = PBXGroup;
			children = (
				B9632D9025FE4F9200182C7B /* LaunchScreen.storyboard */,
				B9632D8B25FE4F9000182C7B /* Main.storyboard */,
			);
			path = View;
			sourceTree = "<group>";
		};
		B9632DC625FF00C200182C7B /* Model */ = {
			isa = PBXGroup;
			children = (
			);
			path = Model;
			sourceTree = "<group>";
		};
		B9632DE02605F73400182C7B /* Resources */ = {
			isa = PBXGroup;
			children = (
				B9632D8525FE4F9000182C7B /* AppDelegate.swift */,
				B9632D8725FE4F9000182C7B /* SceneDelegate.swift */,
				B9632D8E25FE4F9200182C7B /* Assets.xcassets */,
			);
			path = Resources;
			sourceTree = "<group>";
		};
/* End PBXGroup section */

/* Begin PBXNativeTarget section */
		B9632D8125FE4F9000182C7B /* PetFriend-iOS */ = {
			isa = PBXNativeTarget;
			buildConfigurationList = B9632D9625FE4F9200182C7B /* Build configuration list for PBXNativeTarget "PetFriend-iOS" */;
			buildPhases = (
				8709C5F02D6D6C17488C27D3 /* [CP] Check Pods Manifest.lock */,
				B9632D7E25FE4F9000182C7B /* Sources */,
				B9632D7F25FE4F9000182C7B /* Frameworks */,
				B9632D8025FE4F9000182C7B /* Resources */,
				38EBB21065868079A96071C5 /* [CP] Embed Pods Frameworks */,
			);
			buildRules = (
			);
			dependencies = (
			);
			name = "PetFriend-iOS";
			productName = "PetFriend-iOS";
			productReference = B9632D8225FE4F9000182C7B /* PetFriend-iOS.app */;
			productType = "com.apple.product-type.application";
		};
/* End PBXNativeTarget section */

/* Begin PBXProject section */
		B9632D7A25FE4F9000182C7B /* Project object */ = {
			isa = PBXProject;
			attributes = {
				LastSwiftUpdateCheck = 1220;
				LastUpgradeCheck = 1220;
				TargetAttributes = {
					B9632D8125FE4F9000182C7B = {
						CreatedOnToolsVersion = 12.2;
					};
				};
			};
			buildConfigurationList = B9632D7D25FE4F9000182C7B /* Build configuration list for PBXProject "PetFriend-iOS" */;
			compatibilityVersion = "Xcode 9.3";
			developmentRegion = en;
			hasScannedForEncodings = 0;
			knownRegions = (
				en,
				Base,
			);
			mainGroup = B9632D7925FE4F9000182C7B;
			productRefGroup = B9632D8325FE4F9000182C7B /* Products */;
			projectDirPath = "";
			projectRoot = "";
			targets = (
				B9632D8125FE4F9000182C7B /* PetFriend-iOS */,
			);
		};
/* End PBXProject section */

/* Begin PBXResourcesBuildPhase section */
		B9632D8025FE4F9000182C7B /* Resources */ = {
			isa = PBXResourcesBuildPhase;
			buildActionMask = 2147483647;
			files = (
				B9632D9225FE4F9200182C7B /* LaunchScreen.storyboard in Resources */,
				B9632D8F25FE4F9200182C7B /* Assets.xcassets in Resources */,
				B9632D8D25FE4F9000182C7B /* Main.storyboard in Resources */,
			);
			runOnlyForDeploymentPostprocessing = 0;
		};
/* End PBXResourcesBuildPhase section */

/* Begin PBXShellScriptBuildPhase section */
		38EBB21065868079A96071C5 /* [CP] Embed Pods Frameworks */ = {
			isa = PBXShellScriptBuildPhase;
			buildActionMask = 2147483647;
			files = (
			);
			inputFileListPaths = (
				"${PODS_ROOT}/Target Support Files/Pods-PetFriend-iOS/Pods-PetFriend-iOS-frameworks-${CONFIGURATION}-input-files.xcfilelist",
			);
			name = "[CP] Embed Pods Frameworks";
			outputFileListPaths = (
				"${PODS_ROOT}/Target Support Files/Pods-PetFriend-iOS/Pods-PetFriend-iOS-frameworks-${CONFIGURATION}-output-files.xcfilelist",
			);
			runOnlyForDeploymentPostprocessing = 0;
			shellPath = /bin/sh;
			shellScript = "\"${PODS_ROOT}/Target Support Files/Pods-PetFriend-iOS/Pods-PetFriend-iOS-frameworks.sh\"\n";
			showEnvVarsInLog = 0;
		};
		8709C5F02D6D6C17488C27D3 /* [CP] Check Pods Manifest.lock */ = {
			isa = PBXShellScriptBuildPhase;
			buildActionMask = 2147483647;
			files = (
			);
			inputFileListPaths = (
			);
			inputPaths = (
				"${PODS_PODFILE_DIR_PATH}/Podfile.lock",
				"${PODS_ROOT}/Manifest.lock",
			);
			name = "[CP] Check Pods Manifest.lock";
			outputFileListPaths = (
			);
			outputPaths = (
				"$(DERIVED_FILE_DIR)/Pods-PetFriend-iOS-checkManifestLockResult.txt",
			);
			runOnlyForDeploymentPostprocessing = 0;
			shellPath = /bin/sh;
			shellScript = "diff \"${PODS_PODFILE_DIR_PATH}/Podfile.lock\" \"${PODS_ROOT}/Manifest.lock\" > /dev/null\nif [ $? != 0 ] ; then\n    # print error to STDERR\n    echo \"error: The sandbox is not in sync with the Podfile.lock. Run 'pod install' or update your CocoaPods installation.\" >&2\n    exit 1\nfi\n# This output is used by Xcode 'outputs' to avoid re-running this script phase.\necho \"SUCCESS\" > \"${SCRIPT_OUTPUT_FILE_0}\"\n";
			showEnvVarsInLog = 0;
		};
/* End PBXShellScriptBuildPhase section */

/* Begin PBXSourcesBuildPhase section */
		B9632D7E25FE4F9000182C7B /* Sources */ = {
			isa = PBXSourcesBuildPhase;
			buildActionMask = 2147483647;
			files = (
				B9632D8A25FE4F9000182C7B /* ViewController.swift in Sources */,
				B9632D8625FE4F9000182C7B /* AppDelegate.swift in Sources */,
				B9632D8825FE4F9000182C7B /* SceneDelegate.swift in Sources */,
			);
			runOnlyForDeploymentPostprocessing = 0;
		};
/* End PBXSourcesBuildPhase section */

/* Begin PBXVariantGroup section */
		B9632D8B25FE4F9000182C7B /* Main.storyboard */ = {
			isa = PBXVariantGroup;
			children = (
				B9632D8C25FE4F9000182C7B /* Base */,
			);
			name = Main.storyboard;
			sourceTree = "<group>";
		};
		B9632D9025FE4F9200182C7B /* LaunchScreen.storyboard */ = {
			isa = PBXVariantGroup;
			children = (
				B9632D9125FE4F9200182C7B /* Base */,
			);
			name = LaunchScreen.storyboard;
			sourceTree = "<group>";
		};
/* End PBXVariantGroup section */

/* Begin XCBuildConfiguration section */
		B9632D9425FE4F9200182C7B /* Debug */ = {
			isa = XCBuildConfiguration;
			buildSettings = {
				ALWAYS_SEARCH_USER_PATHS = NO;
				CLANG_ANALYZER_NONNULL = YES;
				CLANG_ANALYZER_NUMBER_OBJECT_CONVERSION = YES_AGGRESSIVE;
				CLANG_CXX_LANGUAGE_STANDARD = "gnu++14";
				CLANG_CXX_LIBRARY = "libc++";
				CLANG_ENABLE_MODULES = YES;
				CLANG_ENABLE_OBJC_ARC = YES;
				CLANG_ENABLE_OBJC_WEAK = YES;
				CLANG_WARN_BLOCK_CAPTURE_AUTORELEASING = YES;
				CLANG_WARN_BOOL_CONVERSION = YES;
				CLANG_WARN_COMMA = YES;
				CLANG_WARN_CONSTANT_CONVERSION = YES;
				CLANG_WARN_DEPRECATED_OBJC_IMPLEMENTATIONS = YES;
				CLANG_WARN_DIRECT_OBJC_ISA_USAGE = YES_ERROR;
				CLANG_WARN_DOCUMENTATION_COMMENTS = YES;
				CLANG_WARN_EMPTY_BODY = YES;
				CLANG_WARN_ENUM_CONVERSION = YES;
				CLANG_WARN_INFINITE_RECURSION = YES;
				CLANG_WARN_INT_CONVERSION = YES;
				CLANG_WARN_NON_LITERAL_NULL_CONVERSION = YES;
				CLANG_WARN_OBJC_IMPLICIT_RETAIN_SELF = YES;
				CLANG_WARN_OBJC_LITERAL_CONVERSION = YES;
				CLANG_WARN_OBJC_ROOT_CLASS = YES_ERROR;
				CLANG_WARN_QUOTED_INCLUDE_IN_FRAMEWORK_HEADER = YES;
				CLANG_WARN_RANGE_LOOP_ANALYSIS = YES;
				CLANG_WARN_STRICT_PROTOTYPES = YES;
				CLANG_WARN_SUSPICIOUS_MOVE = YES;
				CLANG_WARN_UNGUARDED_AVAILABILITY = YES_AGGRESSIVE;
				CLANG_WARN_UNREACHABLE_CODE = YES;
				CLANG_WARN__DUPLICATE_METHOD_MATCH = YES;
				COPY_PHASE_STRIP = NO;
				DEBUG_INFORMATION_FORMAT = dwarf;
				ENABLE_STRICT_OBJC_MSGSEND = YES;
				ENABLE_TESTABILITY = YES;
				GCC_C_LANGUAGE_STANDARD = gnu11;
				GCC_DYNAMIC_NO_PIC = NO;
				GCC_NO_COMMON_BLOCKS = YES;
				GCC_OPTIMIZATION_LEVEL = 0;
				GCC_PREPROCESSOR_DEFINITIONS = (
					"DEBUG=1",
					"$(inherited)",
				);
				GCC_WARN_64_TO_32_BIT_CONVERSION = YES;
				GCC_WARN_ABOUT_RETURN_TYPE = YES_ERROR;
				GCC_WARN_UNDECLARED_SELECTOR = YES;
				GCC_WARN_UNINITIALIZED_AUTOS = YES_AGGRESSIVE;
				GCC_WARN_UNUSED_FUNCTION = YES;
				GCC_WARN_UNUSED_VARIABLE = YES;
				IPHONEOS_DEPLOYMENT_TARGET = 14.2;
				MTL_ENABLE_DEBUG_INFO = INCLUDE_SOURCE;
				MTL_FAST_MATH = YES;
				ONLY_ACTIVE_ARCH = YES;
				SDKROOT = iphoneos;
				SWIFT_ACTIVE_COMPILATION_CONDITIONS = DEBUG;
				SWIFT_OPTIMIZATION_LEVEL = "-Onone";
			};
			name = Debug;
		};
		B9632D9525FE4F9200182C7B /* Release */ = {
			isa = XCBuildConfiguration;
			buildSettings = {
				ALWAYS_SEARCH_USER_PATHS = NO;
				CLANG_ANALYZER_NONNULL = YES;
				CLANG_ANALYZER_NUMBER_OBJECT_CONVERSION = YES_AGGRESSIVE;
				CLANG_CXX_LANGUAGE_STANDARD = "gnu++14";
				CLANG_CXX_LIBRARY = "libc++";
				CLANG_ENABLE_MODULES = YES;
				CLANG_ENABLE_OBJC_ARC = YES;
				CLANG_ENABLE_OBJC_WEAK = YES;
				CLANG_WARN_BLOCK_CAPTURE_AUTORELEASING = YES;
				CLANG_WARN_BOOL_CONVERSION = YES;
				CLANG_WARN_COMMA = YES;
				CLANG_WARN_CONSTANT_CONVERSION = YES;
				CLANG_WARN_DEPRECATED_OBJC_IMPLEMENTATIONS = YES;
				CLANG_WARN_DIRECT_OBJC_ISA_USAGE = YES_ERROR;
				CLANG_WARN_DOCUMENTATION_COMMENTS = YES;
				CLANG_WARN_EMPTY_BODY = YES;
				CLANG_WARN_ENUM_CONVERSION = YES;
				CLANG_WARN_INFINITE_RECURSION = YES;
				CLANG_WARN_INT_CONVERSION = YES;
				CLANG_WARN_NON_LITERAL_NULL_CONVERSION = YES;
				CLANG_WARN_OBJC_IMPLICIT_RETAIN_SELF = YES;
				CLANG_WARN_OBJC_LITERAL_CONVERSION = YES;
				CLANG_WARN_OBJC_ROOT_CLASS = YES_ERROR;
				CLANG_WARN_QUOTED_INCLUDE_IN_FRAMEWORK_HEADER = YES;
				CLANG_WARN_RANGE_LOOP_ANALYSIS = YES;
				CLANG_WARN_STRICT_PROTOTYPES = YES;
				CLANG_WARN_SUSPICIOUS_MOVE = YES;
				CLANG_WARN_UNGUARDED_AVAILABILITY = YES_AGGRESSIVE;
				CLANG_WARN_UNREACHABLE_CODE = YES;
				CLANG_WARN__DUPLICATE_METHOD_MATCH = YES;
				COPY_PHASE_STRIP = NO;
				DEBUG_INFORMATION_FORMAT = "dwarf-with-dsym";
				ENABLE_NS_ASSERTIONS = NO;
				ENABLE_STRICT_OBJC_MSGSEND = YES;
				GCC_C_LANGUAGE_STANDARD = gnu11;
				GCC_NO_COMMON_BLOCKS = YES;
				GCC_WARN_64_TO_32_BIT_CONVERSION = YES;
				GCC_WARN_ABOUT_RETURN_TYPE = YES_ERROR;
				GCC_WARN_UNDECLARED_SELECTOR = YES;
				GCC_WARN_UNINITIALIZED_AUTOS = YES_AGGRESSIVE;
				GCC_WARN_UNUSED_FUNCTION = YES;
				GCC_WARN_UNUSED_VARIABLE = YES;
				IPHONEOS_DEPLOYMENT_TARGET = 14.2;
				MTL_ENABLE_DEBUG_INFO = NO;
				MTL_FAST_MATH = YES;
				SDKROOT = iphoneos;
				SWIFT_COMPILATION_MODE = wholemodule;
				SWIFT_OPTIMIZATION_LEVEL = "-O";
				VALIDATE_PRODUCT = YES;
			};
			name = Release;
		};
		B9632D9725FE4F9200182C7B /* Debug */ = {
			isa = XCBuildConfiguration;
			baseConfigurationReference = CB3805FF75A59B4E2B13FC94 /* Pods-PetFriend-iOS.debug.xcconfig */;
			buildSettings = {
				ASSETCATALOG_COMPILER_APPICON_NAME = AppIcon;
				ASSETCATALOG_COMPILER_GLOBAL_ACCENT_COLOR_NAME = AccentColor;
				CODE_SIGN_STYLE = Automatic;
				DEVELOPMENT_TEAM = 973PRNY2TG;
				INFOPLIST_FILE = "PetFriend-iOS/Info.plist";
				LD_RUNPATH_SEARCH_PATHS = (
					"$(inherited)",
					"@executable_path/Frameworks",
				);
				PRODUCT_BUNDLE_IDENTIFIER = "com.khanhpham.PetFriend-iOS";
				PRODUCT_NAME = "$(TARGET_NAME)";
				SWIFT_VERSION = 5.0;
				TARGETED_DEVICE_FAMILY = "1,2";
			};
			name = Debug;
		};
		B9632D9825FE4F9200182C7B /* Release */ = {
			isa = XCBuildConfiguration;
			baseConfigurationReference = D6CBA4F53E0767AFD7BAC048 /* Pods-PetFriend-iOS.release.xcconfig */;
			buildSettings = {
				ASSETCATALOG_COMPILER_APPICON_NAME = AppIcon;
				ASSETCATALOG_COMPILER_GLOBAL_ACCENT_COLOR_NAME = AccentColor;
				CODE_SIGN_STYLE = Automatic;
				DEVELOPMENT_TEAM = 973PRNY2TG;
				INFOPLIST_FILE = "PetFriend-iOS/Info.plist";
				LD_RUNPATH_SEARCH_PATHS = (
					"$(inherited)",
					"@executable_path/Frameworks",
				);
				PRODUCT_BUNDLE_IDENTIFIER = "com.khanhpham.PetFriend-iOS";
				PRODUCT_NAME = "$(TARGET_NAME)";
				SWIFT_VERSION = 5.0;
				TARGETED_DEVICE_FAMILY = "1,2";
			};
			name = Release;
		};
/* End XCBuildConfiguration section */

/* Begin XCConfigurationList section */
		B9632D7D25FE4F9000182C7B /* Build configuration list for PBXProject "PetFriend-iOS" */ = {
			isa = XCConfigurationList;
			buildConfigurations = (
				B9632D9425FE4F9200182C7B /* Debug */,
				B9632D9525FE4F9200182C7B /* Release */,
			);
			defaultConfigurationIsVisible = 0;
			defaultConfigurationName = Release;
		};
		B9632D9625FE4F9200182C7B /* Build configuration list for PBXNativeTarget "PetFriend-iOS" */ = {
			isa = XCConfigurationList;
			buildConfigurations = (
				B9632D9725FE4F9200182C7B /* Debug */,
				B9632D9825FE4F9200182C7B /* Release */,
			);
			defaultConfigurationIsVisible = 0;
			defaultConfigurationName = Release;
		};
/* End XCConfigurationList section */
	};
	rootObject = B9632D7A25FE4F9000182C7B /* Project object */;
}
